<?xml version="1.0" encoding="UTF-8"?>
<Scheme
   version = "1.3">
   <BuildAction>
      <BuildActionEntries>
         <BuildActionEntry
            buildForRunning = "YES">
            <BuildableReference
               BuildableIdentifier = "primary"
               BlueprintIdentifier = "CD6A29881B9D939D008E31C6"
               BuildableName = "MyLunchMaster.app"
               BlueprintName = "MyLunchMaster"
               ReferencedContainer = "container:MyLunchMaster.xcodeproj">
            </BuildableReference>
         </BuildActionEntry>
      </BuildActionEntries>
   </BuildAction>
   <LaunchAction
      useCustomWorkingDirectory = "NO"
      buildConfiguration = "Debug">
      <BuildableProductRunnable>
         <BuildableReference
            BuildableIdentifier = "primary"
            BlueprintIdentifier = "CD6A29881B9D939D008E31C6"
            BuildableName = "MyLunchMaster.app"
            BlueprintName = "MyLunchMaster"
            ReferencedContainer = "container:MyLunchMaster.xcodeproj">
         </BuildableReference>
      </BuildableProductRunnable>
   </LaunchAction>
</Scheme>
